
Microsoft Visual Studio Solution File, Format Version 12.00
# Visual Studio Version 17
VisualStudioVersion = 17.7.34003.232
MinimumVisualStudioVersion = 10.0.40219.1
Project("{FAE04EC0-301F-11D3-BF4B-00C04F79EFBC}") = "RadinProjectNotes", "RadinProjectNotes\RadinProjectNotes.csproj", "{E0545BDC-20EF-49E6-88AD-1A7917661D40}"
EndProject
Project("{FAE04EC0-301F-11D3-BF4B-00C04F79EFBC}") = "AutoUpdate", "AutoUpdate\AutoUpdate.csproj", "{B25AE7AB-A430-49D1-89BA-7C222B241325}"
EndProject
Project("{54435603-DBB4-11D2-8724-00A0C9A8B90C}") = "RadinProjectNotesInstaller", "SetupInstaller\SetupInstaller.vdproj", "{C5984D26-DDF1-4E3A-A29D-159AD87B22F0}"
EndProject
Project("{FAE04EC0-301F-11D3-BF4B-00C04F79EFBC}") = "NotesBackupService", "NotesBackupService\NotesBackupService.csproj", "{C1F0F6FB-888B-4FF9-91B7-15E1B6271C44}"
EndProject
Project("{9A19103F-16F7-4668-BE54-9A1E7A4F7556}") = "RadinProjectNotesUnitTests", "RadinProjectNotesUnitTests\RadinProjectNotesUnitTests.csproj", "{65587C44-F9E3-4251-91D6-B2628BB9D275}"
EndProject
Project("{FAE04EC0-301F-11D3-BF4B-00C04F79EFBC}") = "ProjectEmailNotificationService", "ProjectEmailNotificationService\ProjectEmailNotificationService.csproj", "{BFF702AB-C904-4B0A-B984-490CFF081843}"
EndProject
Project("{FAE04EC0-301F-11D3-BF4B-00C04F79EFBC}") = "RadinProjectNotesCommon", "RadinProjectNotesCommon\RadinProjectNotesCommon.csproj", "{B305B806-8404-456D-8E71-28487B1C5163}"
EndProject
Project("{2150E333-8FDC-42A3-9474-1A3956D46DE8}") = "Services", "Services", "{35BC9955-C011-49EB-8D30-9DDAFFC17515}"
EndProject
Project("{2150E333-8FDC-42A3-9474-1A3956D46DE8}") = "Setup", "Setup", "{DF01B496-10D7-4B6F-81FA-8F0347932D50}"
EndProject
Global
	GlobalSection(SolutionConfigurationPlatforms) = preSolution
		Debug|Any CPU = Debug|Any CPU
		Debug|x86 = Debug|x86
		Release|Any CPU = Release|Any CPU
		Release|x86 = Release|x86
	EndGlobalSection
	GlobalSection(ProjectConfigurationPlatforms) = postSolution
		{E0545BDC-20EF-49E6-88AD-1A7917661D40}.Debug|Any CPU.ActiveCfg = Debug|Any CPU
		{E0545BDC-20EF-49E6-88AD-1A7917661D40}.Debug|Any CPU.Build.0 = Debug|Any CPU
		{E0545BDC-20EF-49E6-88AD-1A7917661D40}.Debug|x86.ActiveCfg = Debug|Any CPU
		{E0545BDC-20EF-49E6-88AD-1A7917661D40}.Debug|x86.Build.0 = Debug|Any CPU
		{E0545BDC-20EF-49E6-88AD-1A7917661D40}.Release|Any CPU.ActiveCfg = Release|Any CPU
		{E0545BDC-20EF-49E6-88AD-1A7917661D40}.Release|Any CPU.Build.0 = Release|Any CPU
		{E0545BDC-20EF-49E6-88AD-1A7917661D40}.Release|x86.ActiveCfg = Release|Any CPU
		{E0545BDC-20EF-49E6-88AD-1A7917661D40}.Release|x86.Build.0 = Release|Any CPU
		{B25AE7AB-A430-49D1-89BA-7C222B241325}.Debug|Any CPU.ActiveCfg = Debug|Any CPU
		{B25AE7AB-A430-49D1-89BA-7C222B241325}.Debug|Any CPU.Build.0 = Debug|Any CPU
		{B25AE7AB-A430-49D1-89BA-7C222B241325}.Debug|x86.ActiveCfg = Debug|Any CPU
		{B25AE7AB-A430-49D1-89BA-7C222B241325}.Debug|x86.Build.0 = Debug|Any CPU
		{B25AE7AB-A430-49D1-89BA-7C222B241325}.Release|Any CPU.ActiveCfg = Release|Any CPU
		{B25AE7AB-A430-49D1-89BA-7C222B241325}.Release|Any CPU.Build.0 = Release|Any CPU
		{B25AE7AB-A430-49D1-89BA-7C222B241325}.Release|x86.ActiveCfg = Release|Any CPU
		{B25AE7AB-A430-49D1-89BA-7C222B241325}.Release|x86.Build.0 = Release|Any CPU
		{C5984D26-DDF1-4E3A-A29D-159AD87B22F0}.Debug|Any CPU.ActiveCfg = Debug
		{C5984D26-DDF1-4E3A-A29D-159AD87B22F0}.Debug|Any CPU.Build.0 = Debug
		{C5984D26-DDF1-4E3A-A29D-159AD87B22F0}.Debug|x86.ActiveCfg = Debug
		{C5984D26-DDF1-4E3A-A29D-159AD87B22F0}.Debug|x86.Build.0 = Debug
		{C5984D26-DDF1-4E3A-A29D-159AD87B22F0}.Release|Any CPU.ActiveCfg = Release
		{C5984D26-DDF1-4E3A-A29D-159AD87B22F0}.Release|Any CPU.Build.0 = Release
		{C5984D26-DDF1-4E3A-A29D-159AD87B22F0}.Release|x86.ActiveCfg = Release
		{C5984D26-DDF1-4E3A-A29D-159AD87B22F0}.Release|x86.Build.0 = Release
		{C1F0F6FB-888B-4FF9-91B7-15E1B6271C44}.Debug|Any CPU.ActiveCfg = Debug|Any CPU
		{C1F0F6FB-888B-4FF9-91B7-15E1B6271C44}.Debug|Any CPU.Build.0 = Debug|Any CPU
		{C1F0F6FB-888B-4FF9-91B7-15E1B6271C44}.Debug|x86.ActiveCfg = Debug|Any CPU
		{C1F0F6FB-888B-4FF9-91B7-15E1B6271C44}.Debug|x86.Build.0 = Debug|Any CPU
		{C1F0F6FB-888B-4FF9-91B7-15E1B6271C44}.Release|Any CPU.ActiveCfg = Release|Any CPU
		{C1F0F6FB-888B-4FF9-91B7-15E1B6271C44}.Release|Any CPU.Build.0 = Release|Any CPU
		{C1F0F6FB-888B-4FF9-91B7-15E1B6271C44}.Release|x86.ActiveCfg = Release|Any CPU
		{C1F0F6FB-888B-4FF9-91B7-15E1B6271C44}.Release|x86.Build.0 = Release|Any CPU
		{65587C44-F9E3-4251-91D6-B2628BB9D275}.Debug|Any CPU.ActiveCfg = Debug|Any CPU
		{65587C44-F9E3-4251-91D6-B2628BB9D275}.Debug|Any CPU.Build.0 = Debug|Any CPU
		{65587C44-F9E3-4251-91D6-B2628BB9D275}.Debug|x86.ActiveCfg = Debug|Any CPU
		{65587C44-F9E3-4251-91D6-B2628BB9D275}.Debug|x86.Build.0 = Debug|Any CPU
		{65587C44-F9E3-4251-91D6-B2628BB9D275}.Release|Any CPU.ActiveCfg = Release|Any CPU
		{65587C44-F9E3-4251-91D6-B2628BB9D275}.Release|Any CPU.Build.0 = Release|Any CPU
		{65587C44-F9E3-4251-91D6-B2628BB9D275}.Release|x86.ActiveCfg = Release|Any CPU
		{65587C44-F9E3-4251-91D6-B2628BB9D275}.Release|x86.Build.0 = Release|Any CPU
		{BFF702AB-C904-4B0A-B984-490CFF081843}.Debug|Any CPU.ActiveCfg = Debug|Any CPU
		{BFF702AB-C904-4B0A-B984-490CFF081843}.Debug|Any CPU.Build.0 = Debug|Any CPU
		{BFF702AB-C904-4B0A-B984-490CFF081843}.Debug|x86.ActiveCfg = Debug|Any CPU
		{BFF702AB-C904-4B0A-B984-490CFF081843}.Debug|x86.Build.0 = Debug|Any CPU
		{BFF702AB-C904-4B0A-B984-490CFF081843}.Release|Any CPU.ActiveCfg = Release|Any CPU
		{BFF702AB-C904-4B0A-B984-490CFF081843}.Release|Any CPU.Build.0 = Release|Any CPU
		{BFF702AB-C904-4B0A-B984-490CFF081843}.Release|x86.ActiveCfg = Release|Any CPU
		{BFF702AB-C904-4B0A-B984-490CFF081843}.Release|x86.Build.0 = Release|Any CPU
		{B305B806-8404-456D-8E71-28487B1C5163}.Debug|Any CPU.ActiveCfg = Debug|Any CPU
		{B305B806-8404-456D-8E71-28487B1C5163}.Debug|Any CPU.Build.0 = Debug|Any CPU
		{B305B806-8404-456D-8E71-28487B1C5163}.Debug|x86.ActiveCfg = Debug|Any CPU
		{B305B806-8404-456D-8E71-28487B1C5163}.Debug|x86.Build.0 = Debug|Any CPU
		{B305B806-8404-456D-8E71-28487B1C5163}.Release|Any CPU.ActiveCfg = Release|Any CPU
		{B305B806-8404-456D-8E71-28487B1C5163}.Release|Any CPU.Build.0 = Release|Any CPU
		{B305B806-8404-456D-8E71-28487B1C5163}.Release|x86.ActiveCfg = Release|Any CPU
		{B305B806-8404-456D-8E71-28487B1C5163}.Release|x86.Build.0 = Release|Any CPU
	EndGlobalSection
	GlobalSection(SolutionProperties) = preSolution
		HideSolutionNode = FALSE
	EndGlobalSection
	GlobalSection(NestedProjects) = preSolution
		{C5984D26-DDF1-4E3A-A29D-159AD87B22F0} = {DF01B496-10D7-4B6F-81FA-8F0347932D50}
		{C1F0F6FB-888B-4FF9-91B7-15E1B6271C44} = {35BC9955-C011-49EB-8D30-9DDAFFC17515}
		{BFF702AB-C904-4B0A-B984-490CFF081843} = {35BC9955-C011-49EB-8D30-9DDAFFC17515}
	EndGlobalSection
	GlobalSection(ExtensibilityGlobals) = postSolution
		SolutionGuid = {4842E030-C385-485F-87F1-461629A59C46}
	EndGlobalSection
EndGlobal
